
Microsoft Visual Studio Solution File, Format Version 12.00
# Visual Studio Version 16
VisualStudioVersion = 16.0.29311.281
MinimumVisualStudioVersion = 10.0.40219.1
Project("{FAE04EC0-301F-11D3-BF4B-00C04F79EFBC}") = "ContactListQuiz", "ContactListQuiz.csproj", "{EA1A0041-5855-4D90-B7D1-108D6138E832}"
EndProject
Global
	GlobalSection(SolutionConfigurationPlatforms) = preSolution
		Debug|Any CPU = Debug|Any CPU
		Release|Any CPU = Release|Any CPU
	EndGlobalSection
	GlobalSection(ProjectConfigurationPlatforms) = postSolution
		{EA1A0041-5855-4D90-B7D1-108D6138E832}.Debug|Any CPU.ActiveCfg = Debug|Any CPU
		{EA1A0041-5855-4D90-B7D1-108D6138E832}.Debug|Any CPU.Build.0 = Debug|Any CPU
		{EA1A0041-5855-4D90-B7D1-108D6138E832}.Release|Any CPU.ActiveCfg = Release|Any CPU
		{EA1A0041-5855-4D90-B7D1-108D6138E832}.Release|Any CPU.Build.0 = Release|Any CPU
	EndGlobalSection
	GlobalSection(SolutionProperties) = preSolution
		HideSolutionNode = FALSE
	EndGlobalSection
	GlobalSection(ExtensibilityGlobals) = postSolution
		SolutionGuid = {4AE8633E-63D9-42BF-B96B-830CD208CC54}
	EndGlobalSection
EndGlobal
